
Microsoft Visual Studio Solution File, Format Version 12.00
# Visual Studio Version 16
VisualStudioVersion = 16.0.31727.386
MinimumVisualStudioVersion = 10.0.40219.1
Project("{9A19103F-16F7-4668-BE54-9A1E7A4F7556}") = "ZendCrestTest.UploadDocument", "ZendCrestTest.UploadDocument\ZendCrestTest.UploadDocument.csproj", "{7208F5E8-EE30-4DD0-985F-65159373C71B}"
EndProject
Project("{FAE04EC0-301F-11D3-BF4B-00C04F79EFBC}") = "ZendCrestTest.UploadDocument.Data", "ZendCrestTest.UploadDocument.Data\ZendCrestTest.UploadDocument.Data.csproj", "{B79012DE-8D0F-40EA-91B9-76F1A1D35EBF}"
EndProject
Project("{FAE04EC0-301F-11D3-BF4B-00C04F79EFBC}") = "ZendCrestTest.UploadDocument.BusinessService", "ZendCrestTest.UploadDocument.BusinessService\ZendCrestTest.UploadDocument.BusinessService.csproj", "{CA07D77C-A368-4A27-8030-BF55DC620090}"
EndProject
Project("{FAE04EC0-301F-11D3-BF4B-00C04F79EFBC}") = "ZendCrestTest.UploadDocument.Infrastructure", "ZendCrestTest.UploadDocument.Infrastructure\ZendCrestTest.UploadDocument.Infrastructure.csproj", "{4322A649-211A-4B5F-9997-0A2E8770C31A}"
EndProject
Global
	GlobalSection(SolutionConfigurationPlatforms) = preSolution
		Debug|Any CPU = Debug|Any CPU
		Release|Any CPU = Release|Any CPU
	EndGlobalSection
	GlobalSection(ProjectConfigurationPlatforms) = postSolution
		{7208F5E8-EE30-4DD0-985F-65159373C71B}.Debug|Any CPU.ActiveCfg = Debug|Any CPU
		{7208F5E8-EE30-4DD0-985F-65159373C71B}.Debug|Any CPU.Build.0 = Debug|Any CPU
		{7208F5E8-EE30-4DD0-985F-65159373C71B}.Release|Any CPU.ActiveCfg = Release|Any CPU
		{7208F5E8-EE30-4DD0-985F-65159373C71B}.Release|Any CPU.Build.0 = Release|Any CPU
		{B79012DE-8D0F-40EA-91B9-76F1A1D35EBF}.Debug|Any CPU.ActiveCfg = Debug|Any CPU
		{B79012DE-8D0F-40EA-91B9-76F1A1D35EBF}.Debug|Any CPU.Build.0 = Debug|Any CPU
		{B79012DE-8D0F-40EA-91B9-76F1A1D35EBF}.Release|Any CPU.ActiveCfg = Release|Any CPU
		{B79012DE-8D0F-40EA-91B9-76F1A1D35EBF}.Release|Any CPU.Build.0 = Release|Any CPU
		{CA07D77C-A368-4A27-8030-BF55DC620090}.Debug|Any CPU.ActiveCfg = Debug|Any CPU
		{CA07D77C-A368-4A27-8030-BF55DC620090}.Debug|Any CPU.Build.0 = Debug|Any CPU
		{CA07D77C-A368-4A27-8030-BF55DC620090}.Release|Any CPU.ActiveCfg = Release|Any CPU
		{CA07D77C-A368-4A27-8030-BF55DC620090}.Release|Any CPU.Build.0 = Release|Any CPU
		{4322A649-211A-4B5F-9997-0A2E8770C31A}.Debug|Any CPU.ActiveCfg = Debug|Any CPU
		{4322A649-211A-4B5F-9997-0A2E8770C31A}.Debug|Any CPU.Build.0 = Debug|Any CPU
		{4322A649-211A-4B5F-9997-0A2E8770C31A}.Release|Any CPU.ActiveCfg = Release|Any CPU
		{4322A649-211A-4B5F-9997-0A2E8770C31A}.Release|Any CPU.Build.0 = Release|Any CPU
	EndGlobalSection
	GlobalSection(SolutionProperties) = preSolution
		HideSolutionNode = FALSE
	EndGlobalSection
	GlobalSection(ExtensibilityGlobals) = postSolution
		SolutionGuid = {6BD46BAC-50C1-4152-8FBD-70046C7EC6A4}
	EndGlobalSection
EndGlobal
